
Microsoft Visual Studio Solution File, Format Version 12.00
# Visual Studio Version 17
VisualStudioVersion = 17.8.34309.116
MinimumVisualStudioVersion = 10.0.40219.1
Project("{9A19103F-16F7-4668-BE54-9A1E7A4F7556}") = "IVSoftware.Portable.Csv.SingleInstanceSerializer", "IVSoftware.Portable.Csv.SingleInstanceSerializer\IVSoftware.Portable.Csv.SingleInstanceSerializer.csproj", "{55E14B00-D704-4924-A918-541BE5BF7922}"
EndProject
Project("{9A19103F-16F7-4668-BE54-9A1E7A4F7556}") = "serialization-intro", "serialization-intro\serialization-intro.csproj", "{1FB13151-6472-42FC-8955-1E517225A664}"
EndProject
Project("{9A19103F-16F7-4668-BE54-9A1E7A4F7556}") = "combine-csvs-with-column-mapping", "combine-csvs-with-column-mapping\combine-csvs-with-column-mapping.csproj", "{B473526B-6815-44AD-956E-ABD9907D3D82}"
EndProject
Global
	GlobalSection(SolutionConfigurationPlatforms) = preSolution
		Debug|Any CPU = Debug|Any CPU
		Release|Any CPU = Release|Any CPU
	EndGlobalSection
	GlobalSection(ProjectConfigurationPlatforms) = postSolution
		{55E14B00-D704-4924-A918-541BE5BF7922}.Debug|Any CPU.ActiveCfg = Debug|Any CPU
		{55E14B00-D704-4924-A918-541BE5BF7922}.Debug|Any CPU.Build.0 = Debug|Any CPU
		{55E14B00-D704-4924-A918-541BE5BF7922}.Release|Any CPU.ActiveCfg = Release|Any CPU
		{55E14B00-D704-4924-A918-541BE5BF7922}.Release|Any CPU.Build.0 = Release|Any CPU
		{1FB13151-6472-42FC-8955-1E517225A664}.Debug|Any CPU.ActiveCfg = Debug|Any CPU
		{1FB13151-6472-42FC-8955-1E517225A664}.Debug|Any CPU.Build.0 = Debug|Any CPU
		{1FB13151-6472-42FC-8955-1E517225A664}.Release|Any CPU.ActiveCfg = Release|Any CPU
		{1FB13151-6472-42FC-8955-1E517225A664}.Release|Any CPU.Build.0 = Release|Any CPU
		{B473526B-6815-44AD-956E-ABD9907D3D82}.Debug|Any CPU.ActiveCfg = Debug|Any CPU
		{B473526B-6815-44AD-956E-ABD9907D3D82}.Debug|Any CPU.Build.0 = Debug|Any CPU
		{B473526B-6815-44AD-956E-ABD9907D3D82}.Release|Any CPU.ActiveCfg = Release|Any CPU
		{B473526B-6815-44AD-956E-ABD9907D3D82}.Release|Any CPU.Build.0 = Release|Any CPU
	EndGlobalSection
	GlobalSection(SolutionProperties) = preSolution
		HideSolutionNode = FALSE
	EndGlobalSection
	GlobalSection(ExtensibilityGlobals) = postSolution
		SolutionGuid = {8EAC4990-FEE9-44E2-8A0E-BDA665D4B127}
	EndGlobalSection
EndGlobal
